# This file is autogenerated, do not edit; changes may be undone by the next 'dep ensure'.


[[projects]]
  branch = "reference-resolver"
  name = "github.com/ActiveState/gojsonschema"
  packages = ["."]
  revision = "8f6ab0e3a0b3d90a18ca880e2a11fd369d9fe707"

[[projects]]
  branch = "master"
  name = "github.com/xeipuuv/gojsonpointer"
  packages = ["."]
  revision = "4e3ac2762d5f479393488629ee9370b50873b3a6"

[[projects]]
  branch = "master"
  name = "github.com/xeipuuv/gojsonreference"
  packages = ["."]
  revision = "bd5ef7bd5415a7ac448318e64f11a24cd21e594b"

[solve-meta]
  analyzer-name = "dep"
  analyzer-version = 1
  inputs-digest = "e231bca1fd0df7a4a8184fb0a00e6118dd6827f0b71964ac7be6b528361b17d0"
  solver-name = "gps-cdcl"
  solver-version = 1
